
Microsoft Visual Studio Solution File, Format Version 12.00
# Visual Studio Version 17
VisualStudioVersion = 17.3.32804.467
MinimumVisualStudioVersion = 10.0.40219.1
Project("{FAE04EC0-301F-11D3-BF4B-00C04F79EFBC}") = "Lotto", "Lotto.csproj", "{A2F0FA0C-C953-40CF-B57F-8C12DB8DBB28}"
EndProject
Global
	GlobalSection(SolutionConfigurationPlatforms) = preSolution
		Debug|Any CPU = Debug|Any CPU
		Release|Any CPU = Release|Any CPU
	EndGlobalSection
	GlobalSection(ProjectConfigurationPlatforms) = postSolution
		{A2F0FA0C-C953-40CF-B57F-8C12DB8DBB28}.Debug|Any CPU.ActiveCfg = Debug|Any CPU
		{A2F0FA0C-C953-40CF-B57F-8C12DB8DBB28}.Debug|Any CPU.Build.0 = Debug|Any CPU
		{A2F0FA0C-C953-40CF-B57F-8C12DB8DBB28}.Release|Any CPU.ActiveCfg = Release|Any CPU
		{A2F0FA0C-C953-40CF-B57F-8C12DB8DBB28}.Release|Any CPU.Build.0 = Release|Any CPU
	EndGlobalSection
	GlobalSection(SolutionProperties) = preSolution
		HideSolutionNode = FALSE
	EndGlobalSection
	GlobalSection(ExtensibilityGlobals) = postSolution
		SolutionGuid = {225422C7-0AED-49A2-929C-C0F31C038676}
	EndGlobalSection
EndGlobal
